
Microsoft Visual Studio Solution File, Format Version 12.00
# Visual Studio Version 16
VisualStudioVersion = 16.0.31613.86
MinimumVisualStudioVersion = 10.0.40219.1
Project("{9A19103F-16F7-4668-BE54-9A1E7A4F7556}") = "API", "API\API.csproj", "{A836D15E-95BB-4C77-A666-9D3BE7631C33}"
EndProject
Global
	GlobalSection(SolutionConfigurationPlatforms) = preSolution
		Debug|Any CPU = Debug|Any CPU
		Release|Any CPU = Release|Any CPU
	EndGlobalSection
	GlobalSection(ProjectConfigurationPlatforms) = postSolution
		{A836D15E-95BB-4C77-A666-9D3BE7631C33}.Debug|Any CPU.ActiveCfg = Debug|Any CPU
		{A836D15E-95BB-4C77-A666-9D3BE7631C33}.Debug|Any CPU.Build.0 = Debug|Any CPU
		{A836D15E-95BB-4C77-A666-9D3BE7631C33}.Release|Any CPU.ActiveCfg = Release|Any CPU
		{A836D15E-95BB-4C77-A666-9D3BE7631C33}.Release|Any CPU.Build.0 = Release|Any CPU
	EndGlobalSection
	GlobalSection(SolutionProperties) = preSolution
		HideSolutionNode = FALSE
	EndGlobalSection
	GlobalSection(ExtensibilityGlobals) = postSolution
		SolutionGuid = {BA89E7FD-8D58-44F6-BDF7-802B9DA8553F}
	EndGlobalSection
EndGlobal
